
Microsoft Visual Studio Solution File, Format Version 12.00
# Visual Studio 15
VisualStudioVersion = 15.0.28307.136
MinimumVisualStudioVersion = 10.0.40219.1
Project("{8BC9CEB8-8B4A-11D0-8D11-00A0C91BC942}") = "BF2_Core", "BF2_Core.vcxproj", "{2588BBCD-42D2-44D5-8033-AE44A5C5C670}"
EndProject
Global
	GlobalSection(SolutionConfigurationPlatforms) = preSolution
		Debug|x64 = Debug|x64
		Debug|x86 = Debug|x86
		Release|x64 = Release|x64
		Release|x86 = Release|x86
	EndGlobalSection
	GlobalSection(ProjectConfigurationPlatforms) = postSolution
		{2588BBCD-42D2-44D5-8033-AE44A5C5C670}.Debug|x64.ActiveCfg = Debug|x64
		{2588BBCD-42D2-44D5-8033-AE44A5C5C670}.Debug|x64.Build.0 = Debug|x64
		{2588BBCD-42D2-44D5-8033-AE44A5C5C670}.Debug|x86.ActiveCfg = Debug|Win32
		{2588BBCD-42D2-44D5-8033-AE44A5C5C670}.Debug|x86.Build.0 = Debug|Win32
		{2588BBCD-42D2-44D5-8033-AE44A5C5C670}.Release|x64.ActiveCfg = Release|x64
		{2588BBCD-42D2-44D5-8033-AE44A5C5C670}.Release|x64.Build.0 = Release|x64
		{2588BBCD-42D2-44D5-8033-AE44A5C5C670}.Release|x86.ActiveCfg = Release|Win32
		{2588BBCD-42D2-44D5-8033-AE44A5C5C670}.Release|x86.Build.0 = Release|Win32
	EndGlobalSection
	GlobalSection(SolutionProperties) = preSolution
		HideSolutionNode = FALSE
	EndGlobalSection
	GlobalSection(ExtensibilityGlobals) = postSolution
		SolutionGuid = {A50DD8CF-7031-4728-AB2C-2545E0F674F1}
	EndGlobalSection
EndGlobal
